
Microsoft Visual Studio Solution File, Format Version 12.00
# Visual Studio Version 16
VisualStudioVersion = 16.0.30413.136
MinimumVisualStudioVersion = 10.0.40219.1
Project("{FAE04EC0-301F-11D3-BF4B-00C04F79EFBC}") = "diceProjectGaming", "diceProjectGaming.csproj", "{D36FDAA9-7019-4EA8-8365-B91C7E37844D}"
EndProject
Global
	GlobalSection(SolutionConfigurationPlatforms) = preSolution
		Debug|Any CPU = Debug|Any CPU
		Release|Any CPU = Release|Any CPU
	EndGlobalSection
	GlobalSection(ProjectConfigurationPlatforms) = postSolution
		{D36FDAA9-7019-4EA8-8365-B91C7E37844D}.Debug|Any CPU.ActiveCfg = Debug|Any CPU
		{D36FDAA9-7019-4EA8-8365-B91C7E37844D}.Debug|Any CPU.Build.0 = Debug|Any CPU
		{D36FDAA9-7019-4EA8-8365-B91C7E37844D}.Release|Any CPU.ActiveCfg = Release|Any CPU
		{D36FDAA9-7019-4EA8-8365-B91C7E37844D}.Release|Any CPU.Build.0 = Release|Any CPU
	EndGlobalSection
	GlobalSection(SolutionProperties) = preSolution
		HideSolutionNode = FALSE
	EndGlobalSection
	GlobalSection(ExtensibilityGlobals) = postSolution
		SolutionGuid = {3D979853-74B4-477C-859A-AADEB739A79F}
	EndGlobalSection
EndGlobal
